
Microsoft Visual Studio Solution File, Format Version 12.00
# Visual Studio Version 17
VisualStudioVersion = 17.0.31903.59
MinimumVisualStudioVersion = 10.0.40219.1
Project("{2150E333-8FDC-42A3-9474-1A3956D46DE8}") = "src", "src", "{CEE7F5B3-A6DB-40EB-B6C0-C82346FBA598}"
EndProject
Project("{9A19103F-16F7-4668-BE54-9A1E7A4F7556}") = "Tililin.Application", "src\Application\Tililin.Application.csproj", "{0DAEE3E3-D104-4BB4-9539-F63BBC857A05}"
EndProject
Project("{9A19103F-16F7-4668-BE54-9A1E7A4F7556}") = "Tililin.Shared", "src\Shared\Tililin.Shared.csproj", "{E33015A8-9EA1-496D-9787-12F359C818FD}"
EndProject
Project("{9A19103F-16F7-4668-BE54-9A1E7A4F7556}") = "Tililin.Domain", "src\Domain\Tililin.Domain.csproj", "{BE32201C-62D0-4CDA-9029-B3CC6D16F2B0}"
EndProject
Project("{9A19103F-16F7-4668-BE54-9A1E7A4F7556}") = "Tililin.API", "src\API\Tililin.API.csproj", "{87AA0704-BC66-46C0-8509-BD5EA5BB4F13}"
EndProject
Project("{9A19103F-16F7-4668-BE54-9A1E7A4F7556}") = "Tililin.Infrastructure", "src\Infrastructure\Tililin.Infrastructure.csproj", "{A1AEB4E7-7DD5-4B39-B2B4-36E5AA47ABBE}"
EndProject
Global
	GlobalSection(SolutionConfigurationPlatforms) = preSolution
		Debug|Any CPU = Debug|Any CPU
		Release|Any CPU = Release|Any CPU
	EndGlobalSection
	GlobalSection(ProjectConfigurationPlatforms) = postSolution
		{0DAEE3E3-D104-4BB4-9539-F63BBC857A05}.Debug|Any CPU.ActiveCfg = Debug|Any CPU
		{0DAEE3E3-D104-4BB4-9539-F63BBC857A05}.Debug|Any CPU.Build.0 = Debug|Any CPU
		{0DAEE3E3-D104-4BB4-9539-F63BBC857A05}.Release|Any CPU.ActiveCfg = Release|Any CPU
		{0DAEE3E3-D104-4BB4-9539-F63BBC857A05}.Release|Any CPU.Build.0 = Release|Any CPU
		{E33015A8-9EA1-496D-9787-12F359C818FD}.Debug|Any CPU.ActiveCfg = Debug|Any CPU
		{E33015A8-9EA1-496D-9787-12F359C818FD}.Debug|Any CPU.Build.0 = Debug|Any CPU
		{E33015A8-9EA1-496D-9787-12F359C818FD}.Release|Any CPU.ActiveCfg = Release|Any CPU
		{E33015A8-9EA1-496D-9787-12F359C818FD}.Release|Any CPU.Build.0 = Release|Any CPU
		{BE32201C-62D0-4CDA-9029-B3CC6D16F2B0}.Debug|Any CPU.ActiveCfg = Debug|Any CPU
		{BE32201C-62D0-4CDA-9029-B3CC6D16F2B0}.Debug|Any CPU.Build.0 = Debug|Any CPU
		{BE32201C-62D0-4CDA-9029-B3CC6D16F2B0}.Release|Any CPU.ActiveCfg = Release|Any CPU
		{BE32201C-62D0-4CDA-9029-B3CC6D16F2B0}.Release|Any CPU.Build.0 = Release|Any CPU
		{87AA0704-BC66-46C0-8509-BD5EA5BB4F13}.Debug|Any CPU.ActiveCfg = Debug|Any CPU
		{87AA0704-BC66-46C0-8509-BD5EA5BB4F13}.Debug|Any CPU.Build.0 = Debug|Any CPU
		{87AA0704-BC66-46C0-8509-BD5EA5BB4F13}.Release|Any CPU.ActiveCfg = Release|Any CPU
		{87AA0704-BC66-46C0-8509-BD5EA5BB4F13}.Release|Any CPU.Build.0 = Release|Any CPU
		{A1AEB4E7-7DD5-4B39-B2B4-36E5AA47ABBE}.Debug|Any CPU.ActiveCfg = Debug|Any CPU
		{A1AEB4E7-7DD5-4B39-B2B4-36E5AA47ABBE}.Debug|Any CPU.Build.0 = Debug|Any CPU
		{A1AEB4E7-7DD5-4B39-B2B4-36E5AA47ABBE}.Release|Any CPU.ActiveCfg = Release|Any CPU
		{A1AEB4E7-7DD5-4B39-B2B4-36E5AA47ABBE}.Release|Any CPU.Build.0 = Release|Any CPU
	EndGlobalSection
	GlobalSection(SolutionProperties) = preSolution
		HideSolutionNode = FALSE
	EndGlobalSection
	GlobalSection(NestedProjects) = preSolution
		{0DAEE3E3-D104-4BB4-9539-F63BBC857A05} = {CEE7F5B3-A6DB-40EB-B6C0-C82346FBA598}
		{E33015A8-9EA1-496D-9787-12F359C818FD} = {CEE7F5B3-A6DB-40EB-B6C0-C82346FBA598}
		{BE32201C-62D0-4CDA-9029-B3CC6D16F2B0} = {CEE7F5B3-A6DB-40EB-B6C0-C82346FBA598}
		{87AA0704-BC66-46C0-8509-BD5EA5BB4F13} = {CEE7F5B3-A6DB-40EB-B6C0-C82346FBA598}
		{A1AEB4E7-7DD5-4B39-B2B4-36E5AA47ABBE} = {CEE7F5B3-A6DB-40EB-B6C0-C82346FBA598}
	EndGlobalSection
EndGlobal
